// !$*UTF8*$!
{
	archiveVersion = 1;
	classes = {
	};
	objectVersion = 46;
	objects = {

/* Begin PBXBuildFile section */
		E606503C1AD65D21008FC7EE /* libcpa-ios.a in Frameworks */ = {isa = PBXBuildFile; fileRef = E606503B1AD65D15008FC7EE /* libcpa-ios.a */; };
		E606504E1AD673A5008FC7EE /* AppDelegate.m in Sources */ = {isa = PBXBuildFile; fileRef = E606504C1AD673A5008FC7EE /* AppDelegate.m */; };
		E606504F1AD673A5008FC7EE /* main.m in Sources */ = {isa = PBXBuildFile; fileRef = E606504D1AD673A5008FC7EE /* main.m */; };
		E6257CAE1AD6D321005FE6D2 /* Security.framework in Frameworks */ = {isa = PBXBuildFile; fileRef = E6257CAD1AD6D321005FE6D2 /* Security.framework */; };
		E63352191ADFB9F6009027B7 /* DomainViewController.m in Sources */ = {isa = PBXBuildFile; fileRef = E60650561AD67926008FC7EE /* DomainViewController.m */; };
		E633521D1ADFC078009027B7 /* Application.storyboard in Resources */ = {isa = PBXBuildFile; fileRef = E633521B1ADFC078009027B7 /* Application.storyboard */; };
		E63352241ADFC0F8009027B7 /* Application.storyboard in Resources */ = {isa = PBXBuildFile; fileRef = E63352221ADFC0F8009027B7 /* Application.storyboard */; };
		E67470061ADE6DBA0061621B /* DomainsViewController.m in Sources */ = {isa = PBXBuildFile; fileRef = E67470051ADE6DBA0061621B /* DomainsViewController.m */; };
		E67F11EC1ADD0D5A00AFC2C7 /* WebKit.framework in Frameworks */ = {isa = PBXBuildFile; fileRef = E67F11EB1ADD0D5A00AFC2C7 /* WebKit.framework */; settings = {ATTRIBUTES = (Weak, ); }; };
		E684D3E91AD81EB200EDCA66 /* Localizable.strings in Resources */ = {isa = PBXBuildFile; fileRef = E684D3E71AD81EB200EDCA66 /* Localizable.strings */; };
		E6897B4C1AD800660083E1BB /* CrossPlatformAuthentication-resources.bundle in Resources */ = {isa = PBXBuildFile; fileRef = E6897B4B1AD800660083E1BB /* CrossPlatformAuthentication-resources.bundle */; };
		E69AF8F71ADF9B0E00AC87FF /* WebKit.framework in Frameworks */ = {isa = PBXBuildFile; fileRef = E67F11EB1ADD0D5A00AFC2C7 /* WebKit.framework */; settings = {ATTRIBUTES = (Weak, ); }; };
		E69AF8F81ADF9B0E00AC87FF /* Security.framework in Frameworks */ = {isa = PBXBuildFile; fileRef = E6257CAD1AD6D321005FE6D2 /* Security.framework */; };
		E69AF8F91ADF9B0E00AC87FF /* libcpa-ios.a in Frameworks */ = {isa = PBXBuildFile; fileRef = E606503B1AD65D15008FC7EE /* libcpa-ios.a */; };
		E69AF8FB1ADF9B0E00AC87FF /* Localizable.strings in Resources */ = {isa = PBXBuildFile; fileRef = E684D3E71AD81EB200EDCA66 /* Localizable.strings */; };
		E69AF8FD1ADF9B0E00AC87FF /* CrossPlatformAuthentication-resources.bundle in Resources */ = {isa = PBXBuildFile; fileRef = E6897B4B1AD800660083E1BB /* CrossPlatformAuthentication-resources.bundle */; };
		E6EA44A41ADFAAE100D2F333 /* AppDelegate.swift in Sources */ = {isa = PBXBuildFile; fileRef = E6EA44A11ADFAAE100D2F333 /* AppDelegate.swift */; };
		E6EA44A51ADFAAE100D2F333 /* DomainsViewController.swift in Sources */ = {isa = PBXBuildFile; fileRef = E6EA44A21ADFAAE100D2F333 /* DomainsViewController.swift */; };
		E6EA44A61ADFAAE100D2F333 /* DomainViewController.swift in Sources */ = {isa = PBXBuildFile; fileRef = E6EA44A31ADFAAE100D2F333 /* DomainViewController.swift */; };
/* End PBXBuildFile section */

/* Begin PBXContainerItemProxy section */
		E606503A1AD65D15008FC7EE /* PBXContainerItemProxy */ = {
			isa = PBXContainerItemProxy;
			containerPortal = E60650361AD65D15008FC7EE /* cpa-ios.xcodeproj */;
			proxyType = 2;
			remoteGlobalIDString = E6064FA31AD659B2008FC7EE;
			remoteInfo = "cpa-ios";
		};
		E6897B441AD7FC4A0083E1BB /* PBXContainerItemProxy */ = {
			isa = PBXContainerItemProxy;
			containerPortal = E60650361AD65D15008FC7EE /* cpa-ios.xcodeproj */;
			proxyType = 2;
			remoteGlobalIDString = E6CAEBFC1AD7F9E8008EB753;
			remoteInfo = "cpa-ios-resources";
		};
		E69096721ADE3D8200B62EB6 /* PBXContainerItemProxy */ = {
			isa = PBXContainerItemProxy;
			containerPortal = E60650361AD65D15008FC7EE /* cpa-ios.xcodeproj */;
			proxyType = 2;
			remoteGlobalIDString = E69096581ADE3D5200B62EB6;
			remoteInfo = "cpa-ios-framework";
		};
/* End PBXContainerItemProxy section */

/* Begin PBXFileReference section */
		E6064FF81AD65B0C008FC7EE /* cpa-ios-demo.app */ = {isa = PBXFileReference; explicitFileType = wrapper.application; includeInIndex = 0; path = "cpa-ios-demo.app"; sourceTree = BUILT_PRODUCTS_DIR; };
		E60650281AD65BCB008FC7EE /* Info.plist */ = {isa = PBXFileReference; fileEncoding = 4; lastKnownFileType = text.plist.xml; path = Info.plist; sourceTree = "<group>"; };
		E60650361AD65D15008FC7EE /* cpa-ios.xcodeproj */ = {isa = PBXFileReference; lastKnownFileType = "wrapper.pb-project"; name = "cpa-ios.xcodeproj"; path = "../cpa-ios/cpa-ios.xcodeproj"; sourceTree = "<group>"; };
		E606503F1AD661BB008FC7EE /* version.xcconfig */ = {isa = PBXFileReference; fileEncoding = 4; lastKnownFileType = text.xcconfig; name = version.xcconfig; path = ../version.xcconfig; sourceTree = "<group>"; };
		E606504B1AD673A5008FC7EE /* AppDelegate.h */ = {isa = PBXFileReference; fileEncoding = 4; lastKnownFileType = sourcecode.c.h; path = AppDelegate.h; sourceTree = "<group>"; };
		E606504C1AD673A5008FC7EE /* AppDelegate.m */ = {isa = PBXFileReference; fileEncoding = 4; lastKnownFileType = sourcecode.c.objc; path = AppDelegate.m; sourceTree = "<group>"; };
		E606504D1AD673A5008FC7EE /* main.m */ = {isa = PBXFileReference; fileEncoding = 4; lastKnownFileType = sourcecode.c.objc; path = main.m; sourceTree = "<group>"; };
		E60650551AD67926008FC7EE /* DomainViewController.h */ = {isa = PBXFileReference; fileEncoding = 4; lastKnownFileType = sourcecode.c.h; path = DomainViewController.h; sourceTree = "<group>"; };
		E60650561AD67926008FC7EE /* DomainViewController.m */ = {isa = PBXFileReference; fileEncoding = 4; lastKnownFileType = sourcecode.c.objc; path = DomainViewController.m; sourceTree = "<group>"; };
		E6257CAD1AD6D321005FE6D2 /* Security.framework */ = {isa = PBXFileReference; lastKnownFileType = wrapper.framework; name = Security.framework; path = System/Library/Frameworks/Security.framework; sourceTree = SDKROOT; };
		E633521C1ADFC078009027B7 /* Base */ = {isa = PBXFileReference; lastKnownFileType = file.storyboard; name = Base; path = Base.lproj/Application.storyboard; sourceTree = "<group>"; };
		E633521F1ADFC082009027B7 /* en */ = {isa = PBXFileReference; lastKnownFileType = text.plist.strings; name = en; path = en.lproj/Application.strings; sourceTree = "<group>"; };
		E63352211ADFC086009027B7 /* fr */ = {isa = PBXFileReference; lastKnownFileType = text.plist.strings; name = fr; path = fr.lproj/Application.strings; sourceTree = "<group>"; };
		E63352231ADFC0F8009027B7 /* Base */ = {isa = PBXFileReference; lastKnownFileType = file.storyboard; name = Base; path = Base.lproj/Application.storyboard; sourceTree = "<group>"; };
		E63352251ADFC101009027B7 /* en */ = {isa = PBXFileReference; lastKnownFileType = text.plist.strings; name = en; path = en.lproj/Application.strings; sourceTree = "<group>"; };
		E63352261ADFC104009027B7 /* fr */ = {isa = PBXFileReference; lastKnownFileType = text.plist.strings; name = fr; path = fr.lproj/Application.strings; sourceTree = "<group>"; };
		E67470041ADE6DBA0061621B /* DomainsViewController.h */ = {isa = PBXFileReference; fileEncoding = 4; lastKnownFileType = sourcecode.c.h; path = DomainsViewController.h; sourceTree = "<group>"; };
		E67470051ADE6DBA0061621B /* DomainsViewController.m */ = {isa = PBXFileReference; fileEncoding = 4; lastKnownFileType = sourcecode.c.objc; path = DomainsViewController.m; sourceTree = "<group>"; };
		E67F11EB1ADD0D5A00AFC2C7 /* WebKit.framework */ = {isa = PBXFileReference; lastKnownFileType = wrapper.framework; name = WebKit.framework; path = System/Library/Frameworks/WebKit.framework; sourceTree = SDKROOT; };
		E684D3E81AD81EB200EDCA66 /* en */ = {isa = PBXFileReference; lastKnownFileType = text.plist.strings; name = en; path = en.lproj/Localizable.strings; sourceTree = "<group>"; };
		E684D3EA1AD81EB800EDCA66 /* fr */ = {isa = PBXFileReference; lastKnownFileType = text.plist.strings; name = fr; path = fr.lproj/Localizable.strings; sourceTree = "<group>"; };
		E6897B4B1AD800660083E1BB /* CrossPlatformAuthentication-resources.bundle */ = {isa = PBXFileReference; lastKnownFileType = "wrapper.plug-in"; path = "CrossPlatformAuthentication-resources.bundle"; sourceTree = BUILT_PRODUCTS_DIR; };
		E69AF9011ADF9B0E00AC87FF /* cpa-ios-demo-swift.app */ = {isa = PBXFileReference; explicitFileType = wrapper.application; includeInIndex = 0; path = "cpa-ios-demo-swift.app"; sourceTree = BUILT_PRODUCTS_DIR; };
		E6EA44A01ADFAAE000D2F333 /* BridgingHeader.h */ = {isa = PBXFileReference; lastKnownFileType = sourcecode.c.h; path = BridgingHeader.h; sourceTree = "<group>"; };
		E6EA44A11ADFAAE100D2F333 /* AppDelegate.swift */ = {isa = PBXFileReference; fileEncoding = 4; lastKnownFileType = sourcecode.swift; path = AppDelegate.swift; sourceTree = "<group>"; };
		E6EA44A21ADFAAE100D2F333 /* DomainsViewController.swift */ = {isa = PBXFileReference; fileEncoding = 4; lastKnownFileType = sourcecode.swift; path = DomainsViewController.swift; sourceTree = "<group>"; };
		E6EA44A31ADFAAE100D2F333 /* DomainViewController.swift */ = {isa = PBXFileReference; fileEncoding = 4; lastKnownFileType = sourcecode.swift; path = DomainViewController.swift; sourceTree = "<group>"; };
/* End PBXFileReference section */

/* Begin PBXFrameworksBuildPhase section */
		E6064FF51AD65B0C008FC7EE /* Frameworks */ = {
			isa = PBXFrameworksBuildPhase;
			buildActionMask = 2147483647;
			files = (
				E67F11EC1ADD0D5A00AFC2C7 /* WebKit.framework in Frameworks */,
				E6257CAE1AD6D321005FE6D2 /* Security.framework in Frameworks */,
				E606503C1AD65D21008FC7EE /* libcpa-ios.a in Frameworks */,
			);
			runOnlyForDeploymentPostprocessing = 0;
		};
		E69AF8F61ADF9B0E00AC87FF /* Frameworks */ = {
			isa = PBXFrameworksBuildPhase;
			buildActionMask = 2147483647;
			files = (
				E69AF8F71ADF9B0E00AC87FF /* WebKit.framework in Frameworks */,
				E69AF8F81ADF9B0E00AC87FF /* Security.framework in Frameworks */,
				E69AF8F91ADF9B0E00AC87FF /* libcpa-ios.a in Frameworks */,
			);
			runOnlyForDeploymentPostprocessing = 0;
		};
/* End PBXFrameworksBuildPhase section */

/* Begin PBXGroup section */
		E6064FEF1AD65B0C008FC7EE = {
			isa = PBXGroup;
			children = (
				E60650351AD65D0C008FC7EE /* Dependencies */,
				E60650291AD65BCB008FC7EE /* Sources */,
				E6EA446E1ADFA98A00D2F333 /* Sources_Swift */,
				E60650271AD65BCB008FC7EE /* Resources */,
				E6257CB01AD6D327005FE6D2 /* Frameworks */,
				E6064FF91AD65B0C008FC7EE /* Products */,
				E606503F1AD661BB008FC7EE /* version.xcconfig */,
			);
			sourceTree = "<group>";
		};
		E6064FF91AD65B0C008FC7EE /* Products */ = {
			isa = PBXGroup;
			children = (
				E6064FF81AD65B0C008FC7EE /* cpa-ios-demo.app */,
				E69AF9011ADF9B0E00AC87FF /* cpa-ios-demo-swift.app */,
			);
			name = Products;
			sourceTree = "<group>";
		};
		E60650271AD65BCB008FC7EE /* Resources */ = {
			isa = PBXGroup;
			children = (
				E684D3E71AD81EB200EDCA66 /* Localizable.strings */,
				E60650281AD65BCB008FC7EE /* Info.plist */,
			);
			path = Resources;
			sourceTree = "<group>";
		};
		E60650291AD65BCB008FC7EE /* Sources */ = {
			isa = PBXGroup;
			children = (
				E606504B1AD673A5008FC7EE /* AppDelegate.h */,
				E606504C1AD673A5008FC7EE /* AppDelegate.m */,
				E633521B1ADFC078009027B7 /* Application.storyboard */,
				E67470041ADE6DBA0061621B /* DomainsViewController.h */,
				E67470051ADE6DBA0061621B /* DomainsViewController.m */,
				E60650551AD67926008FC7EE /* DomainViewController.h */,
				E60650561AD67926008FC7EE /* DomainViewController.m */,
				E606504D1AD673A5008FC7EE /* main.m */,
			);
			path = Sources;
			sourceTree = "<group>";
		};
		E60650351AD65D0C008FC7EE /* Dependencies */ = {
			isa = PBXGroup;
			children = (
				E60650361AD65D15008FC7EE /* cpa-ios.xcodeproj */,
				E6897B4B1AD800660083E1BB /* CrossPlatformAuthentication-resources.bundle */,
			);
			name = Dependencies;
			sourceTree = "<group>";
		};
		E60650371AD65D15008FC7EE /* Products */ = {
			isa = PBXGroup;
			children = (
				E606503B1AD65D15008FC7EE /* libcpa-ios.a */,
				E6897B451AD7FC4A0083E1BB /* CrossPlatformAuthentication-resources.bundle */,
				E69096731ADE3D8200B62EB6 /* CrossPlatformAuthentication.framework */,
			);
			name = Products;
			sourceTree = "<group>";
		};
		E6257CB01AD6D327005FE6D2 /* Frameworks */ = {
			isa = PBXGroup;
			children = (
				E67F11EB1ADD0D5A00AFC2C7 /* WebKit.framework */,
				E6257CAD1AD6D321005FE6D2 /* Security.framework */,
			);
			name = Frameworks;
			sourceTree = "<group>";
		};
		E6EA446E1ADFA98A00D2F333 /* Sources_Swift */ = {
			isa = PBXGroup;
			children = (
				E6EA44A11ADFAAE100D2F333 /* AppDelegate.swift */,
				E63352221ADFC0F8009027B7 /* Application.storyboard */,
				E6EA44A01ADFAAE000D2F333 /* BridgingHeader.h */,
				E6EA44A21ADFAAE100D2F333 /* DomainsViewController.swift */,
				E6EA44A31ADFAAE100D2F333 /* DomainViewController.swift */,
			);
			path = Sources_Swift;
			sourceTree = "<group>";
		};
/* End PBXGroup section */

/* Begin PBXNativeTarget section */
		E6064FF71AD65B0C008FC7EE /* cpa-ios-demo */ = {
			isa = PBXNativeTarget;
			buildConfigurationList = E606501B1AD65B0C008FC7EE /* Build configuration list for PBXNativeTarget "cpa-ios-demo" */;
			buildPhases = (
				E6064FF41AD65B0C008FC7EE /* Sources */,
				E6064FF51AD65B0C008FC7EE /* Frameworks */,
				E6064FF61AD65B0C008FC7EE /* Resources */,
			);
			buildRules = (
			);
			dependencies = (
			);
			name = "cpa-ios-demo";
			productName = "cpa-ios-demo";
			productReference = E6064FF81AD65B0C008FC7EE /* cpa-ios-demo.app */;
			productType = "com.apple.product-type.application";
		};
		E69AF8F01ADF9B0E00AC87FF /* cpa-ios-demo-swift */ = {
			isa = PBXNativeTarget;
			buildConfigurationList = E69AF8FE1ADF9B0E00AC87FF /* Build configuration list for PBXNativeTarget "cpa-ios-demo-swift" */;
			buildPhases = (
				E69AF8F11ADF9B0E00AC87FF /* Sources */,
				E69AF8F61ADF9B0E00AC87FF /* Frameworks */,
				E69AF8FA1ADF9B0E00AC87FF /* Resources */,
			);
			buildRules = (
			);
			dependencies = (
			);
			name = "cpa-ios-demo-swift";
			productName = "cpa-ios-demo";
			productReference = E69AF9011ADF9B0E00AC87FF /* cpa-ios-demo-swift.app */;
			productType = "com.apple.product-type.application";
		};
/* End PBXNativeTarget section */

/* Begin PBXProject section */
		E6064FF01AD65B0C008FC7EE /* Project object */ = {
			isa = PBXProject;
			attributes = {
				CLASSPREFIX = "";
				LastUpgradeCheck = 0720;
				ORGANIZATIONNAME = "European Broadcasting Union";
				TargetAttributes = {
					E6064FF71AD65B0C008FC7EE = {
						CreatedOnToolsVersion = 6.2;
					};
				};
			};
			buildConfigurationList = E6064FF31AD65B0C008FC7EE /* Build configuration list for PBXProject "cpa-ios-demo" */;
			compatibilityVersion = "Xcode 3.2";
			developmentRegion = English;
			hasScannedForEncodings = 0;
			knownRegions = (
				Base,
				en,
				fr,
			);
			mainGroup = E6064FEF1AD65B0C008FC7EE;
			productRefGroup = E6064FF91AD65B0C008FC7EE /* Products */;
			projectDirPath = "";
			projectReferences = (
				{
					ProductGroup = E60650371AD65D15008FC7EE /* Products */;
					ProjectRef = E60650361AD65D15008FC7EE /* cpa-ios.xcodeproj */;
				},
			);
			projectRoot = "";
			targets = (
				E6064FF71AD65B0C008FC7EE /* cpa-ios-demo */,
				E69AF8F01ADF9B0E00AC87FF /* cpa-ios-demo-swift */,
			);
		};
/* End PBXProject section */

/* Begin PBXReferenceProxy section */
		E606503B1AD65D15008FC7EE /* libcpa-ios.a */ = {
			isa = PBXReferenceProxy;
			fileType = archive.ar;
			path = "libcpa-ios.a";
			remoteRef = E606503A1AD65D15008FC7EE /* PBXContainerItemProxy */;
			sourceTree = BUILT_PRODUCTS_DIR;
		};
		E6897B451AD7FC4A0083E1BB /* CrossPlatformAuthentication-resources.bundle */ = {
			isa = PBXReferenceProxy;
			fileType = wrapper.cfbundle;
			path = "CrossPlatformAuthentication-resources.bundle";
			remoteRef = E6897B441AD7FC4A0083E1BB /* PBXContainerItemProxy */;
			sourceTree = BUILT_PRODUCTS_DIR;
		};
		E69096731ADE3D8200B62EB6 /* CrossPlatformAuthentication.framework */ = {
			isa = PBXReferenceProxy;
			fileType = wrapper.framework;
			path = CrossPlatformAuthentication.framework;
			remoteRef = E69096721ADE3D8200B62EB6 /* PBXContainerItemProxy */;
			sourceTree = BUILT_PRODUCTS_DIR;
		};
/* End PBXReferenceProxy section */

/* Begin PBXResourcesBuildPhase section */
		E6064FF61AD65B0C008FC7EE /* Resources */ = {
			isa = PBXResourcesBuildPhase;
			buildActionMask = 2147483647;
			files = (
				E684D3E91AD81EB200EDCA66 /* Localizable.strings in Resources */,
				E6897B4C1AD800660083E1BB /* CrossPlatformAuthentication-resources.bundle in Resources */,
				E633521D1ADFC078009027B7 /* Application.storyboard in Resources */,
			);
			runOnlyForDeploymentPostprocessing = 0;
		};
		E69AF8FA1ADF9B0E00AC87FF /* Resources */ = {
			isa = PBXResourcesBuildPhase;
			buildActionMask = 2147483647;
			files = (
				E69AF8FB1ADF9B0E00AC87FF /* Localizable.strings in Resources */,
				E69AF8FD1ADF9B0E00AC87FF /* CrossPlatformAuthentication-resources.bundle in Resources */,
				E63352241ADFC0F8009027B7 /* Application.storyboard in Resources */,
			);
			runOnlyForDeploymentPostprocessing = 0;
		};
/* End PBXResourcesBuildPhase section */

/* Begin PBXSourcesBuildPhase section */
		E6064FF41AD65B0C008FC7EE /* Sources */ = {
			isa = PBXSourcesBuildPhase;
			buildActionMask = 2147483647;
			files = (
				E63352191ADFB9F6009027B7 /* DomainViewController.m in Sources */,
				E606504F1AD673A5008FC7EE /* main.m in Sources */,
				E67470061ADE6DBA0061621B /* DomainsViewController.m in Sources */,
				E606504E1AD673A5008FC7EE /* AppDelegate.m in Sources */,
			);
			runOnlyForDeploymentPostprocessing = 0;
		};
		E69AF8F11ADF9B0E00AC87FF /* Sources */ = {
			isa = PBXSourcesBuildPhase;
			buildActionMask = 2147483647;
			files = (
				E6EA44A61ADFAAE100D2F333 /* DomainViewController.swift in Sources */,
				E6EA44A51ADFAAE100D2F333 /* DomainsViewController.swift in Sources */,
				E6EA44A41ADFAAE100D2F333 /* AppDelegate.swift in Sources */,
			);
			runOnlyForDeploymentPostprocessing = 0;
		};
/* End PBXSourcesBuildPhase section */

/* Begin PBXVariantGroup section */
		E633521B1ADFC078009027B7 /* Application.storyboard */ = {
			isa = PBXVariantGroup;
			children = (
				E633521C1ADFC078009027B7 /* Base */,
				E633521F1ADFC082009027B7 /* en */,
				E63352211ADFC086009027B7 /* fr */,
			);
			name = Application.storyboard;
			sourceTree = "<group>";
		};
		E63352221ADFC0F8009027B7 /* Application.storyboard */ = {
			isa = PBXVariantGroup;
			children = (
				E63352231ADFC0F8009027B7 /* Base */,
				E63352251ADFC101009027B7 /* en */,
				E63352261ADFC104009027B7 /* fr */,
			);
			name = Application.storyboard;
			sourceTree = "<group>";
		};
		E684D3E71AD81EB200EDCA66 /* Localizable.strings */ = {
			isa = PBXVariantGroup;
			children = (
				E684D3E81AD81EB200EDCA66 /* en */,
				E684D3EA1AD81EB800EDCA66 /* fr */,
			);
			name = Localizable.strings;
			sourceTree = "<group>";
		};
/* End PBXVariantGroup section */

/* Begin XCBuildConfiguration section */
		E60650191AD65B0C008FC7EE /* Debug */ = {
			isa = XCBuildConfiguration;
			buildSettings = {
				ALWAYS_SEARCH_USER_PATHS = NO;
				CLANG_CXX_LANGUAGE_STANDARD = "gnu++0x";
				CLANG_CXX_LIBRARY = "libc++";
				CLANG_ENABLE_MODULES = YES;
				CLANG_ENABLE_OBJC_ARC = YES;
				CLANG_WARN_BOOL_CONVERSION = YES;
				CLANG_WARN_CONSTANT_CONVERSION = YES;
				CLANG_WARN_DIRECT_OBJC_ISA_USAGE = YES_ERROR;
				CLANG_WARN_EMPTY_BODY = YES;
				CLANG_WARN_ENUM_CONVERSION = YES;
				CLANG_WARN_INT_CONVERSION = YES;
				CLANG_WARN_OBJC_ROOT_CLASS = YES_ERROR;
				CLANG_WARN_UNREACHABLE_CODE = YES;
				CLANG_WARN__DUPLICATE_METHOD_MATCH = YES;
				CODE_SIGN_IDENTITY = "iPhone Developer";
				COPY_PHASE_STRIP = NO;
				ENABLE_STRICT_OBJC_MSGSEND = YES;
				ENABLE_TESTABILITY = YES;
				GCC_C_LANGUAGE_STANDARD = gnu99;
				GCC_DYNAMIC_NO_PIC = NO;
				GCC_OPTIMIZATION_LEVEL = 0;
				GCC_PREPROCESSOR_DEFINITIONS = (
					"DEBUG=1",
					"$(inherited)",
				);
				GCC_SYMBOLS_PRIVATE_EXTERN = NO;
				GCC_WARN_64_TO_32_BIT_CONVERSION = YES;
				GCC_WARN_ABOUT_RETURN_TYPE = YES_ERROR;
				GCC_WARN_UNDECLARED_SELECTOR = YES;
				GCC_WARN_UNINITIALIZED_AUTOS = YES_AGGRESSIVE;
				GCC_WARN_UNUSED_FUNCTION = YES;
				GCC_WARN_UNUSED_VARIABLE = YES;
				IPHONEOS_DEPLOYMENT_TARGET = 8.0;
				MTL_ENABLE_DEBUG_INFO = YES;
				ONLY_ACTIVE_ARCH = YES;
				SDKROOT = iphoneos;
			};
			name = Debug;
		};
		E606501A1AD65B0C008FC7EE /* Release */ = {
			isa = XCBuildConfiguration;
			buildSettings = {
				ALWAYS_SEARCH_USER_PATHS = NO;
				CLANG_CXX_LANGUAGE_STANDARD = "gnu++0x";
				CLANG_CXX_LIBRARY = "libc++";
				CLANG_ENABLE_MODULES = YES;
				CLANG_ENABLE_OBJC_ARC = YES;
				CLANG_WARN_BOOL_CONVERSION = YES;
				CLANG_WARN_CONSTANT_CONVERSION = YES;
				CLANG_WARN_DIRECT_OBJC_ISA_USAGE = YES_ERROR;
				CLANG_WARN_EMPTY_BODY = YES;
				CLANG_WARN_ENUM_CONVERSION = YES;
				CLANG_WARN_INT_CONVERSION = YES;
				CLANG_WARN_OBJC_ROOT_CLASS = YES_ERROR;
				CLANG_WARN_UNREACHABLE_CODE = YES;
				CLANG_WARN__DUPLICATE_METHOD_MATCH = YES;
				CODE_SIGN_IDENTITY = "iPhone Distribution";
				COPY_PHASE_STRIP = NO;
				ENABLE_NS_ASSERTIONS = NO;
				ENABLE_STRICT_OBJC_MSGSEND = YES;
				GCC_C_LANGUAGE_STANDARD = gnu99;
				GCC_WARN_64_TO_32_BIT_CONVERSION = YES;
				GCC_WARN_ABOUT_RETURN_TYPE = YES_ERROR;
				GCC_WARN_UNDECLARED_SELECTOR = YES;
				GCC_WARN_UNINITIALIZED_AUTOS = YES_AGGRESSIVE;
				GCC_WARN_UNUSED_FUNCTION = YES;
				GCC_WARN_UNUSED_VARIABLE = YES;
				IPHONEOS_DEPLOYMENT_TARGET = 8.0;
				MTL_ENABLE_DEBUG_INFO = NO;
				SDKROOT = iphoneos;
				VALIDATE_PRODUCT = YES;
			};
			name = Release;
		};
		E606501C1AD65B0C008FC7EE /* Debug */ = {
			isa = XCBuildConfiguration;
			baseConfigurationReference = E606503F1AD661BB008FC7EE /* version.xcconfig */;
			buildSettings = {
				ASSETCATALOG_COMPILER_APPICON_NAME = AppIcon;
				INFOPLIST_FILE = Resources/Info.plist;
				LD_RUNPATH_SEARCH_PATHS = "$(inherited) @executable_path/Frameworks";
				OTHER_LDFLAGS = (
					"$(inherited)",
					"-ObjC",
				);
				PRODUCT_BUNDLE_IDENTIFIER = "ch.ebu.$(PRODUCT_NAME:rfc1034identifier)";
				PRODUCT_NAME = "$(TARGET_NAME)";
				TARGETED_DEVICE_FAMILY = "1,2";
				USER_HEADER_SEARCH_PATHS = "../cpa-ios/Sources/**";
			};
			name = Debug;
		};
		E606501D1AD65B0C008FC7EE /* Release */ = {
			isa = XCBuildConfiguration;
			baseConfigurationReference = E606503F1AD661BB008FC7EE /* version.xcconfig */;
			buildSettings = {
				ASSETCATALOG_COMPILER_APPICON_NAME = AppIcon;
				INFOPLIST_FILE = Resources/Info.plist;
				LD_RUNPATH_SEARCH_PATHS = "$(inherited) @executable_path/Frameworks";
				OTHER_LDFLAGS = (
					"$(inherited)",
					"-ObjC",
				);
				PRODUCT_BUNDLE_IDENTIFIER = "ch.ebu.$(PRODUCT_NAME:rfc1034identifier)";
				PRODUCT_NAME = "$(TARGET_NAME)";
				TARGETED_DEVICE_FAMILY = "1,2";
				USER_HEADER_SEARCH_PATHS = "../cpa-ios/Sources/**";
			};
			name = Release;
		};
		E69AF8FF1ADF9B0E00AC87FF /* Debug */ = {
			isa = XCBuildConfiguration;
			baseConfigurationReference = E606503F1AD661BB008FC7EE /* version.xcconfig */;
			buildSettings = {
				ASSETCATALOG_COMPILER_APPICON_NAME = AppIcon;
				CLANG_ENABLE_MODULES = YES;
				INFOPLIST_FILE = Resources/Info.plist;
				LD_RUNPATH_SEARCH_PATHS = "$(inherited) @executable_path/Frameworks";
				OTHER_LDFLAGS = (
					"$(inherited)",
					"-ObjC",
				);
				PRODUCT_BUNDLE_IDENTIFIER = "ch.ebu.$(PRODUCT_NAME:rfc1034identifier)";
				PRODUCT_NAME = "cpa-ios-demo-swift";
				SWIFT_OBJC_BRIDGING_HEADER = Sources_Swift/BridgingHeader.h;
				SWIFT_OPTIMIZATION_LEVEL = "-Onone";
				TARGETED_DEVICE_FAMILY = "1,2";
				USER_HEADER_SEARCH_PATHS = "../cpa-ios/Sources/**";
			};
			name = Debug;
		};
		E69AF9001ADF9B0E00AC87FF /* Release */ = {
			isa = XCBuildConfiguration;
			baseConfigurationReference = E606503F1AD661BB008FC7EE /* version.xcconfig */;
			buildSettings = {
				ASSETCATALOG_COMPILER_APPICON_NAME = AppIcon;
				CLANG_ENABLE_MODULES = YES;
				INFOPLIST_FILE = Resources/Info.plist;
				LD_RUNPATH_SEARCH_PATHS = "$(inherited) @executable_path/Frameworks";
				OTHER_LDFLAGS = (
					"$(inherited)",
					"-ObjC",
				);
				PRODUCT_BUNDLE_IDENTIFIER = "ch.ebu.$(PRODUCT_NAME:rfc1034identifier)";
				PRODUCT_NAME = "cpa-ios-demo-swift";
				SWIFT_OBJC_BRIDGING_HEADER = Sources_Swift/BridgingHeader.h;
				TARGETED_DEVICE_FAMILY = "1,2";
				USER_HEADER_SEARCH_PATHS = "../cpa-ios/Sources/**";
			};
			name = Release;
		};
/* End XCBuildConfiguration section */

/* Begin XCConfigurationList section */
		E6064FF31AD65B0C008FC7EE /* Build configuration list for PBXProject "cpa-ios-demo" */ = {
			isa = XCConfigurationList;
			buildConfigurations = (
				E60650191AD65B0C008FC7EE /* Debug */,
				E606501A1AD65B0C008FC7EE /* Release */,
			);
			defaultConfigurationIsVisible = 0;
			defaultConfigurationName = Release;
		};
		E606501B1AD65B0C008FC7EE /* Build configuration list for PBXNativeTarget "cpa-ios-demo" */ = {
			isa = XCConfigurationList;
			buildConfigurations = (
				E606501C1AD65B0C008FC7EE /* Debug */,
				E606501D1AD65B0C008FC7EE /* Release */,
			);
			defaultConfigurationIsVisible = 0;
			defaultConfigurationName = Release;
		};
		E69AF8FE1ADF9B0E00AC87FF /* Build configuration list for PBXNativeTarget "cpa-ios-demo-swift" */ = {
			isa = XCConfigurationList;
			buildConfigurations = (
				E69AF8FF1ADF9B0E00AC87FF /* Debug */,
				E69AF9001ADF9B0E00AC87FF /* Release */,
			);
			defaultConfigurationIsVisible = 0;
			defaultConfigurationName = Release;
		};
/* End XCConfigurationList section */
	};
	rootObject = E6064FF01AD65B0C008FC7EE /* Project object */;
}
