// !$*UTF8*$!
{
	archiveVersion = 1;
	classes = {
	};
	objectVersion = 46;
	objects = {

/* Begin PBXBuildFile section */
		E60650341AD65CFB008FC7EE /* EBUCrossPlatformAuthenticationProvider.m in Sources */ = {isa = PBXBuildFile; fileRef = E60650331AD65CFB008FC7EE /* EBUCrossPlatformAuthenticationProvider.m */; };
		E6257C9A1AD6C044005FE6D2 /* EBUToken.m in Sources */ = {isa = PBXBuildFile; fileRef = E6257C991AD6C044005FE6D2 /* EBUToken.m */; };
		E6257CAA1AD6D2FA005FE6D2 /* EBUUICKeyChainStore.m in Sources */ = {isa = PBXBuildFile; fileRef = E6257CA91AD6D2FA005FE6D2 /* EBUUICKeyChainStore.m */; settings = {COMPILER_FLAGS = "-w"; }; };
		E65A41721AD7E8C300D8F289 /* NSURLSession+EBUCPAExtensions.m in Sources */ = {isa = PBXBuildFile; fileRef = E65A41711AD7E8C300D8F289 /* NSURLSession+EBUCPAExtensions.m */; };
		E65A41751AD7EABC00D8F289 /* EBUErrors.m in Sources */ = {isa = PBXBuildFile; fileRef = E65A41741AD7EABC00D8F289 /* EBUErrors.m */; };
		E65A417B1AD7F76600D8F289 /* NSBundle+EBUCPAExtensions.m in Sources */ = {isa = PBXBuildFile; fileRef = E65A417A1AD7F76600D8F289 /* NSBundle+EBUCPAExtensions.m */; };
		E684D3DA1AD80AE600EDCA66 /* EBUStatelessRequest.m in Sources */ = {isa = PBXBuildFile; fileRef = E684D3D91AD80AE600EDCA66 /* EBUStatelessRequest.m */; };
/* End PBXBuildFile section */

/* Begin PBXContainerItemProxy section */
		E6897B4D1AD800BA0083E1BB /* PBXContainerItemProxy */ = {
			isa = PBXContainerItemProxy;
			containerPortal = E6064F9B1AD659B2008FC7EE /* Project object */;
			proxyType = 1;
			remoteGlobalIDString = E6CAEBFB1AD7F9E8008EB753;
			remoteInfo = "cpa-ios-resources";
		};
/* End PBXContainerItemProxy section */

/* Begin PBXCopyFilesBuildPhase section */
		E6064FA11AD659B2008FC7EE /* CopyFiles */ = {
			isa = PBXCopyFilesBuildPhase;
			buildActionMask = 2147483647;
			dstPath = "include/$(PRODUCT_NAME)";
			dstSubfolderSpec = 16;
			files = (
			);
			runOnlyForDeploymentPostprocessing = 0;
		};
/* End PBXCopyFilesBuildPhase section */

/* Begin PBXFileReference section */
		E6064FA31AD659B2008FC7EE /* libcpa-ios.a */ = {isa = PBXFileReference; explicitFileType = archive.ar; includeInIndex = 0; path = "libcpa-ios.a"; sourceTree = BUILT_PRODUCTS_DIR; };
		E60650321AD65CFB008FC7EE /* EBUCrossPlatformAuthenticationProvider.h */ = {isa = PBXFileReference; fileEncoding = 4; lastKnownFileType = sourcecode.c.h; path = EBUCrossPlatformAuthenticationProvider.h; sourceTree = "<group>"; };
		E60650331AD65CFB008FC7EE /* EBUCrossPlatformAuthenticationProvider.m */ = {isa = PBXFileReference; fileEncoding = 4; lastKnownFileType = sourcecode.c.objc; path = EBUCrossPlatformAuthenticationProvider.m; sourceTree = "<group>"; };
		E606503E1AD661AE008FC7EE /* version.xcconfig */ = {isa = PBXFileReference; fileEncoding = 4; lastKnownFileType = text.xcconfig; name = version.xcconfig; path = ../version.xcconfig; sourceTree = "<group>"; };
		E60650451AD66275008FC7EE /* LICENSE */ = {isa = PBXFileReference; fileEncoding = 4; lastKnownFileType = text; name = LICENSE; path = ../LICENSE; sourceTree = "<group>"; };
		E6257C981AD6C044005FE6D2 /* EBUToken.h */ = {isa = PBXFileReference; fileEncoding = 4; lastKnownFileType = sourcecode.c.h; path = EBUToken.h; sourceTree = "<group>"; };
		E6257C991AD6C044005FE6D2 /* EBUToken.m */ = {isa = PBXFileReference; fileEncoding = 4; lastKnownFileType = sourcecode.c.objc; path = EBUToken.m; sourceTree = "<group>"; };
		E6257C9B1AD6C3B8005FE6D2 /* EBUToken+Private.h */ = {isa = PBXFileReference; fileEncoding = 4; lastKnownFileType = sourcecode.c.h; path = "EBUToken+Private.h"; sourceTree = "<group>"; };
		E6257CA71AD6D2FA005FE6D2 /* LICENSE */ = {isa = PBXFileReference; fileEncoding = 4; lastKnownFileType = text; path = LICENSE; sourceTree = "<group>"; };
		E6257CA81AD6D2FA005FE6D2 /* EBUUICKeyChainStore.h */ = {isa = PBXFileReference; fileEncoding = 4; lastKnownFileType = sourcecode.c.h; path = EBUUICKeyChainStore.h; sourceTree = "<group>"; };
		E6257CA91AD6D2FA005FE6D2 /* EBUUICKeyChainStore.m */ = {isa = PBXFileReference; fileEncoding = 4; lastKnownFileType = sourcecode.c.objc; path = EBUUICKeyChainStore.m; sourceTree = "<group>"; };
		E65A41701AD7E8C300D8F289 /* NSURLSession+EBUCPAExtensions.h */ = {isa = PBXFileReference; fileEncoding = 4; lastKnownFileType = sourcecode.c.h; path = "NSURLSession+EBUCPAExtensions.h"; sourceTree = "<group>"; };
		E65A41711AD7E8C300D8F289 /* NSURLSession+EBUCPAExtensions.m */ = {isa = PBXFileReference; fileEncoding = 4; lastKnownFileType = sourcecode.c.objc; path = "NSURLSession+EBUCPAExtensions.m"; sourceTree = "<group>"; };
		E65A41731AD7EABC00D8F289 /* EBUErrors.h */ = {isa = PBXFileReference; fileEncoding = 4; lastKnownFileType = sourcecode.c.h; path = EBUErrors.h; sourceTree = "<group>"; };
		E65A41741AD7EABC00D8F289 /* EBUErrors.m */ = {isa = PBXFileReference; fileEncoding = 4; lastKnownFileType = sourcecode.c.objc; path = EBUErrors.m; sourceTree = "<group>"; };
		E65A41761AD7EB4400D8F289 /* EBUErrors+Private.h */ = {isa = PBXFileReference; fileEncoding = 4; lastKnownFileType = sourcecode.c.h; path = "EBUErrors+Private.h"; sourceTree = "<group>"; };
		E65A41791AD7F76600D8F289 /* NSBundle+EBUCPAExtensions.h */ = {isa = PBXFileReference; fileEncoding = 4; lastKnownFileType = sourcecode.c.h; path = "NSBundle+EBUCPAExtensions.h"; sourceTree = "<group>"; };
		E65A417A1AD7F76600D8F289 /* NSBundle+EBUCPAExtensions.m */ = {isa = PBXFileReference; fileEncoding = 4; lastKnownFileType = sourcecode.c.objc; path = "NSBundle+EBUCPAExtensions.m"; sourceTree = "<group>"; };
		E684D3D81AD80AE600EDCA66 /* EBUStatelessRequest.h */ = {isa = PBXFileReference; fileEncoding = 4; lastKnownFileType = sourcecode.c.h; path = EBUStatelessRequest.h; sourceTree = "<group>"; };
		E684D3D91AD80AE600EDCA66 /* EBUStatelessRequest.m */ = {isa = PBXFileReference; fileEncoding = 4; lastKnownFileType = sourcecode.c.objc; path = EBUStatelessRequest.m; sourceTree = "<group>"; };
		E6CAEBFC1AD7F9E8008EB753 /* cpa-ios-resources.bundle */ = {isa = PBXFileReference; explicitFileType = wrapper.cfbundle; includeInIndex = 0; path = "cpa-ios-resources.bundle"; sourceTree = BUILT_PRODUCTS_DIR; };
		E6CAEC031AD7FAB7008EB753 /* Info.plist */ = {isa = PBXFileReference; lastKnownFileType = text.plist.xml; path = Info.plist; sourceTree = "<group>"; };
/* End PBXFileReference section */

/* Begin PBXFrameworksBuildPhase section */
		E6064FA01AD659B2008FC7EE /* Frameworks */ = {
			isa = PBXFrameworksBuildPhase;
			buildActionMask = 2147483647;
			files = (
			);
			runOnlyForDeploymentPostprocessing = 0;
		};
		E6CAEBF91AD7F9E8008EB753 /* Frameworks */ = {
			isa = PBXFrameworksBuildPhase;
			buildActionMask = 2147483647;
			files = (
			);
			runOnlyForDeploymentPostprocessing = 0;
		};
/* End PBXFrameworksBuildPhase section */

/* Begin PBXGroup section */
		E6064F9A1AD659B2008FC7EE = {
			isa = PBXGroup;
			children = (
				E6257CA51AD6D2FA005FE6D2 /* Externals */,
				E60650311AD65CD5008FC7EE /* Sources */,
				E6CAEBF71AD7F9CE008EB753 /* Resources */,
				E6064FA41AD659B2008FC7EE /* Products */,
				E60650451AD66275008FC7EE /* LICENSE */,
				E606503E1AD661AE008FC7EE /* version.xcconfig */,
			);
			sourceTree = "<group>";
		};
		E6064FA41AD659B2008FC7EE /* Products */ = {
			isa = PBXGroup;
			children = (
				E6064FA31AD659B2008FC7EE /* libcpa-ios.a */,
				E6CAEBFC1AD7F9E8008EB753 /* cpa-ios-resources.bundle */,
			);
			name = Products;
			sourceTree = "<group>";
		};
		E60650311AD65CD5008FC7EE /* Sources */ = {
			isa = PBXGroup;
			children = (
				E60650321AD65CFB008FC7EE /* EBUCrossPlatformAuthenticationProvider.h */,
				E60650331AD65CFB008FC7EE /* EBUCrossPlatformAuthenticationProvider.m */,
				E65A41731AD7EABC00D8F289 /* EBUErrors.h */,
				E65A41741AD7EABC00D8F289 /* EBUErrors.m */,
				E65A41761AD7EB4400D8F289 /* EBUErrors+Private.h */,
				E684D3D81AD80AE600EDCA66 /* EBUStatelessRequest.h */,
				E684D3D91AD80AE600EDCA66 /* EBUStatelessRequest.m */,
				E6257C981AD6C044005FE6D2 /* EBUToken.h */,
				E6257C991AD6C044005FE6D2 /* EBUToken.m */,
				E6257C9B1AD6C3B8005FE6D2 /* EBUToken+Private.h */,
				E65A41701AD7E8C300D8F289 /* NSURLSession+EBUCPAExtensions.h */,
				E65A41711AD7E8C300D8F289 /* NSURLSession+EBUCPAExtensions.m */,
				E65A41791AD7F76600D8F289 /* NSBundle+EBUCPAExtensions.h */,
				E65A417A1AD7F76600D8F289 /* NSBundle+EBUCPAExtensions.m */,
			);
			path = Sources;
			sourceTree = "<group>";
		};
		E6257CA51AD6D2FA005FE6D2 /* Externals */ = {
			isa = PBXGroup;
			children = (
				E6257CA61AD6D2FA005FE6D2 /* UICKeyChainStore-2.0.4 */,
			);
			path = Externals;
			sourceTree = "<group>";
		};
		E6257CA61AD6D2FA005FE6D2 /* UICKeyChainStore-2.0.4 */ = {
			isa = PBXGroup;
			children = (
				E6257CA71AD6D2FA005FE6D2 /* LICENSE */,
				E6257CA81AD6D2FA005FE6D2 /* EBUUICKeyChainStore.h */,
				E6257CA91AD6D2FA005FE6D2 /* EBUUICKeyChainStore.m */,
			);
			path = "UICKeyChainStore-2.0.4";
			sourceTree = "<group>";
		};
		E6CAEBF71AD7F9CE008EB753 /* Resources */ = {
			isa = PBXGroup;
			children = (
				E6CAEC031AD7FAB7008EB753 /* Info.plist */,
			);
			path = Resources;
			sourceTree = "<group>";
		};
/* End PBXGroup section */

/* Begin PBXNativeTarget section */
		E6064FA21AD659B2008FC7EE /* cpa-ios */ = {
			isa = PBXNativeTarget;
			buildConfigurationList = E6064FB71AD659B2008FC7EE /* Build configuration list for PBXNativeTarget "cpa-ios" */;
			buildPhases = (
				E6064F9F1AD659B2008FC7EE /* Sources */,
				E6064FA01AD659B2008FC7EE /* Frameworks */,
				E6064FA11AD659B2008FC7EE /* CopyFiles */,
			);
			buildRules = (
			);
			dependencies = (
				E6897B4E1AD800BA0083E1BB /* PBXTargetDependency */,
			);
			name = "cpa-ios";
			productName = "cpa-ios";
			productReference = E6064FA31AD659B2008FC7EE /* libcpa-ios.a */;
			productType = "com.apple.product-type.library.static";
		};
		E6CAEBFB1AD7F9E8008EB753 /* cpa-ios-resources */ = {
			isa = PBXNativeTarget;
			buildConfigurationList = E6CAEC001AD7F9E8008EB753 /* Build configuration list for PBXNativeTarget "cpa-ios-resources" */;
			buildPhases = (
				E6CAEBF81AD7F9E8008EB753 /* Sources */,
				E6CAEBF91AD7F9E8008EB753 /* Frameworks */,
				E6CAEBFA1AD7F9E8008EB753 /* Resources */,
			);
			buildRules = (
			);
			dependencies = (
			);
			name = "cpa-ios-resources";
			productName = "cpa-ios-resources";
			productReference = E6CAEBFC1AD7F9E8008EB753 /* cpa-ios-resources.bundle */;
			productType = "com.apple.product-type.bundle";
		};
/* End PBXNativeTarget section */

/* Begin PBXProject section */
		E6064F9B1AD659B2008FC7EE /* Project object */ = {
			isa = PBXProject;
			attributes = {
				CLASSPREFIX = EBU;
				LastUpgradeCheck = 0620;
				ORGANIZATIONNAME = "European Broadcasting Union";
				TargetAttributes = {
					E6064FA21AD659B2008FC7EE = {
						CreatedOnToolsVersion = 6.2;
					};
					E6CAEBFB1AD7F9E8008EB753 = {
						CreatedOnToolsVersion = 6.2;
					};
				};
			};
			buildConfigurationList = E6064F9E1AD659B2008FC7EE /* Build configuration list for PBXProject "cpa-ios" */;
			compatibilityVersion = "Xcode 3.2";
			developmentRegion = English;
			hasScannedForEncodings = 0;
			knownRegions = (
				en,
				fr,
			);
			mainGroup = E6064F9A1AD659B2008FC7EE;
			productRefGroup = E6064FA41AD659B2008FC7EE /* Products */;
			projectDirPath = "";
			projectRoot = "";
			targets = (
				E6064FA21AD659B2008FC7EE /* cpa-ios */,
				E6CAEBFB1AD7F9E8008EB753 /* cpa-ios-resources */,
			);
		};
/* End PBXProject section */

/* Begin PBXResourcesBuildPhase section */
		E6CAEBFA1AD7F9E8008EB753 /* Resources */ = {
			isa = PBXResourcesBuildPhase;
			buildActionMask = 2147483647;
			files = (
			);
			runOnlyForDeploymentPostprocessing = 0;
		};
/* End PBXResourcesBuildPhase section */

/* Begin PBXSourcesBuildPhase section */
		E6064F9F1AD659B2008FC7EE /* Sources */ = {
			isa = PBXSourcesBuildPhase;
			buildActionMask = 2147483647;
			files = (
				E65A41721AD7E8C300D8F289 /* NSURLSession+EBUCPAExtensions.m in Sources */,
				E6257C9A1AD6C044005FE6D2 /* EBUToken.m in Sources */,
				E65A41751AD7EABC00D8F289 /* EBUErrors.m in Sources */,
				E60650341AD65CFB008FC7EE /* EBUCrossPlatformAuthenticationProvider.m in Sources */,
				E684D3DA1AD80AE600EDCA66 /* EBUStatelessRequest.m in Sources */,
				E65A417B1AD7F76600D8F289 /* NSBundle+EBUCPAExtensions.m in Sources */,
				E6257CAA1AD6D2FA005FE6D2 /* EBUUICKeyChainStore.m in Sources */,
			);
			runOnlyForDeploymentPostprocessing = 0;
		};
		E6CAEBF81AD7F9E8008EB753 /* Sources */ = {
			isa = PBXSourcesBuildPhase;
			buildActionMask = 2147483647;
			files = (
			);
			runOnlyForDeploymentPostprocessing = 0;
		};
/* End PBXSourcesBuildPhase section */

/* Begin PBXTargetDependency section */
		E6897B4E1AD800BA0083E1BB /* PBXTargetDependency */ = {
			isa = PBXTargetDependency;
			target = E6CAEBFB1AD7F9E8008EB753 /* cpa-ios-resources */;
			targetProxy = E6897B4D1AD800BA0083E1BB /* PBXContainerItemProxy */;
		};
/* End PBXTargetDependency section */

/* Begin XCBuildConfiguration section */
		E6064FB51AD659B2008FC7EE /* Debug */ = {
			isa = XCBuildConfiguration;
			buildSettings = {
				ALWAYS_SEARCH_USER_PATHS = NO;
				CLANG_CXX_LANGUAGE_STANDARD = "gnu++0x";
				CLANG_CXX_LIBRARY = "libc++";
				CLANG_ENABLE_MODULES = YES;
				CLANG_ENABLE_OBJC_ARC = YES;
				CLANG_WARN_BOOL_CONVERSION = YES;
				CLANG_WARN_CONSTANT_CONVERSION = YES;
				CLANG_WARN_DIRECT_OBJC_ISA_USAGE = YES_ERROR;
				CLANG_WARN_EMPTY_BODY = YES;
				CLANG_WARN_ENUM_CONVERSION = YES;
				CLANG_WARN_INT_CONVERSION = YES;
				CLANG_WARN_OBJC_ROOT_CLASS = YES_ERROR;
				CLANG_WARN_UNREACHABLE_CODE = YES;
				CLANG_WARN__DUPLICATE_METHOD_MATCH = YES;
				COPY_PHASE_STRIP = NO;
				ENABLE_STRICT_OBJC_MSGSEND = YES;
				GCC_C_LANGUAGE_STANDARD = gnu99;
				GCC_DYNAMIC_NO_PIC = NO;
				GCC_OPTIMIZATION_LEVEL = 0;
				GCC_PREPROCESSOR_DEFINITIONS = (
					"DEBUG=1",
					"$(inherited)",
				);
				GCC_SYMBOLS_PRIVATE_EXTERN = NO;
				GCC_WARN_64_TO_32_BIT_CONVERSION = YES;
				GCC_WARN_ABOUT_RETURN_TYPE = YES_ERROR;
				GCC_WARN_UNDECLARED_SELECTOR = YES;
				GCC_WARN_UNINITIALIZED_AUTOS = YES_AGGRESSIVE;
				GCC_WARN_UNUSED_FUNCTION = YES;
				GCC_WARN_UNUSED_VARIABLE = YES;
				IPHONEOS_DEPLOYMENT_TARGET = 7.0;
				MTL_ENABLE_DEBUG_INFO = YES;
				ONLY_ACTIVE_ARCH = YES;
				SDKROOT = iphoneos;
			};
			name = Debug;
		};
		E6064FB61AD659B2008FC7EE /* Release */ = {
			isa = XCBuildConfiguration;
			buildSettings = {
				ALWAYS_SEARCH_USER_PATHS = NO;
				CLANG_CXX_LANGUAGE_STANDARD = "gnu++0x";
				CLANG_CXX_LIBRARY = "libc++";
				CLANG_ENABLE_MODULES = YES;
				CLANG_ENABLE_OBJC_ARC = YES;
				CLANG_WARN_BOOL_CONVERSION = YES;
				CLANG_WARN_CONSTANT_CONVERSION = YES;
				CLANG_WARN_DIRECT_OBJC_ISA_USAGE = YES_ERROR;
				CLANG_WARN_EMPTY_BODY = YES;
				CLANG_WARN_ENUM_CONVERSION = YES;
				CLANG_WARN_INT_CONVERSION = YES;
				CLANG_WARN_OBJC_ROOT_CLASS = YES_ERROR;
				CLANG_WARN_UNREACHABLE_CODE = YES;
				CLANG_WARN__DUPLICATE_METHOD_MATCH = YES;
				COPY_PHASE_STRIP = NO;
				ENABLE_NS_ASSERTIONS = NO;
				ENABLE_STRICT_OBJC_MSGSEND = YES;
				GCC_C_LANGUAGE_STANDARD = gnu99;
				GCC_WARN_64_TO_32_BIT_CONVERSION = YES;
				GCC_WARN_ABOUT_RETURN_TYPE = YES_ERROR;
				GCC_WARN_UNDECLARED_SELECTOR = YES;
				GCC_WARN_UNINITIALIZED_AUTOS = YES_AGGRESSIVE;
				GCC_WARN_UNUSED_FUNCTION = YES;
				GCC_WARN_UNUSED_VARIABLE = YES;
				IPHONEOS_DEPLOYMENT_TARGET = 7.0;
				MTL_ENABLE_DEBUG_INFO = NO;
				SDKROOT = iphoneos;
				VALIDATE_PRODUCT = YES;
			};
			name = Release;
		};
		E6064FB81AD659B2008FC7EE /* Debug */ = {
			isa = XCBuildConfiguration;
			baseConfigurationReference = E606503E1AD661AE008FC7EE /* version.xcconfig */;
			buildSettings = {
				OTHER_LDFLAGS = "-ObjC";
				PRODUCT_NAME = "$(TARGET_NAME)";
				SKIP_INSTALL = YES;
			};
			name = Debug;
		};
		E6064FB91AD659B2008FC7EE /* Release */ = {
			isa = XCBuildConfiguration;
			baseConfigurationReference = E606503E1AD661AE008FC7EE /* version.xcconfig */;
			buildSettings = {
				OTHER_LDFLAGS = "-ObjC";
				PRODUCT_NAME = "$(TARGET_NAME)";
				SKIP_INSTALL = YES;
			};
			name = Release;
		};
		E6CAEC011AD7F9E8008EB753 /* Debug */ = {
			isa = XCBuildConfiguration;
			baseConfigurationReference = E606503E1AD661AE008FC7EE /* version.xcconfig */;
			buildSettings = {
				INFOPLIST_FILE = Resources/Info.plist;
				PRODUCT_NAME = "cpa-ios-resources";
			};
			name = Debug;
		};
		E6CAEC021AD7F9E8008EB753 /* Release */ = {
			isa = XCBuildConfiguration;
			baseConfigurationReference = E606503E1AD661AE008FC7EE /* version.xcconfig */;
			buildSettings = {
				INFOPLIST_FILE = Resources/Info.plist;
				PRODUCT_NAME = "cpa-ios-resources";
			};
			name = Release;
		};
/* End XCBuildConfiguration section */

/* Begin XCConfigurationList section */
		E6064F9E1AD659B2008FC7EE /* Build configuration list for PBXProject "cpa-ios" */ = {
			isa = XCConfigurationList;
			buildConfigurations = (
				E6064FB51AD659B2008FC7EE /* Debug */,
				E6064FB61AD659B2008FC7EE /* Release */,
			);
			defaultConfigurationIsVisible = 0;
			defaultConfigurationName = Release;
		};
		E6064FB71AD659B2008FC7EE /* Build configuration list for PBXNativeTarget "cpa-ios" */ = {
			isa = XCConfigurationList;
			buildConfigurations = (
				E6064FB81AD659B2008FC7EE /* Debug */,
				E6064FB91AD659B2008FC7EE /* Release */,
			);
			defaultConfigurationIsVisible = 0;
			defaultConfigurationName = Release;
		};
		E6CAEC001AD7F9E8008EB753 /* Build configuration list for PBXNativeTarget "cpa-ios-resources" */ = {
			isa = XCConfigurationList;
			buildConfigurations = (
				E6CAEC011AD7F9E8008EB753 /* Debug */,
				E6CAEC021AD7F9E8008EB753 /* Release */,
			);
			defaultConfigurationIsVisible = 0;
			defaultConfigurationName = Release;
		};
/* End XCConfigurationList section */
	};
	rootObject = E6064F9B1AD659B2008FC7EE /* Project object */;
}
